
Microsoft Visual Studio Solution File, Format Version 12.00
# Visual Studio Version 17
VisualStudioVersion = 17.3.32728.150
MinimumVisualStudioVersion = 10.0.40219.1
Project("{FAE04EC0-301F-11D3-BF4B-00C04F79EFBC}") = "CoreSchool", "CoreSchool\CoreSchool.csproj", "{72E9FCE4-A338-4CEF-B4CC-5399C9909114}"
EndProject
Global
	GlobalSection(SolutionConfigurationPlatforms) = preSolution
		Debug|Any CPU = Debug|Any CPU
		Release|Any CPU = Release|Any CPU
	EndGlobalSection
	GlobalSection(ProjectConfigurationPlatforms) = postSolution
		{72E9FCE4-A338-4CEF-B4CC-5399C9909114}.Debug|Any CPU.ActiveCfg = Debug|Any CPU
		{72E9FCE4-A338-4CEF-B4CC-5399C9909114}.Debug|Any CPU.Build.0 = Debug|Any CPU
		{72E9FCE4-A338-4CEF-B4CC-5399C9909114}.Release|Any CPU.ActiveCfg = Release|Any CPU
		{72E9FCE4-A338-4CEF-B4CC-5399C9909114}.Release|Any CPU.Build.0 = Release|Any CPU
	EndGlobalSection
	GlobalSection(SolutionProperties) = preSolution
		HideSolutionNode = FALSE
	EndGlobalSection
	GlobalSection(ExtensibilityGlobals) = postSolution
		SolutionGuid = {A35246E2-62C5-4DD7-81C3-C11A49D2CE14}
	EndGlobalSection
EndGlobal
